
Microsoft Visual Studio Solution File, Format Version 12.00
# Visual Studio Version 16
VisualStudioVersion = 16.0.31729.503
MinimumVisualStudioVersion = 10.0.40219.1
Project("{9A19103F-16F7-4668-BE54-9A1E7A4F7556}") = "Business", "Business\Business.csproj", "{CE07DAE5-5F16-4B39-B90E-B7AE001AAFB3}"
EndProject
Project("{9A19103F-16F7-4668-BE54-9A1E7A4F7556}") = "DataAccess", "DataAcccess\DataAccess.csproj", "{9E5B144E-10CF-45A9-A24D-9FD08DDE2725}"
EndProject
Project("{9A19103F-16F7-4668-BE54-9A1E7A4F7556}") = "Entities", "Entities\Entities.csproj", "{3C10D2EC-E242-47A1-A264-BC1C0379E014}"
EndProject
Project("{9A19103F-16F7-4668-BE54-9A1E7A4F7556}") = "WebAPI", "WebAPI\WebAPI.csproj", "{C60FD757-D7C5-487E-B19C-BA593F6D3F0C}"
EndProject
Project("{9A19103F-16F7-4668-BE54-9A1E7A4F7556}") = "WebAPICoreMvc", "WebAPICoreMvc\WebAPICoreMvc.csproj", "{16B3315B-4D81-4D4B-A004-EC17E973526C}"
EndProject
Project("{9A19103F-16F7-4668-BE54-9A1E7A4F7556}") = "WebAPIWindowsForm", "WebAPIWindowsForm\WebAPIWindowsForm.csproj", "{77AFC650-B76B-427E-B155-5E6B5777F7A9}"
EndProject
Project("{FAE04EC0-301F-11D3-BF4B-00C04F79EFBC}") = "Core", "Core\Core.csproj", "{6A5CBE82-1CC9-4E50-93C8-501F6514EC45}"
EndProject
Global
	GlobalSection(SolutionConfigurationPlatforms) = preSolution
		Debug|Any CPU = Debug|Any CPU
		Release|Any CPU = Release|Any CPU
	EndGlobalSection
	GlobalSection(ProjectConfigurationPlatforms) = postSolution
		{CE07DAE5-5F16-4B39-B90E-B7AE001AAFB3}.Debug|Any CPU.ActiveCfg = Debug|Any CPU
		{CE07DAE5-5F16-4B39-B90E-B7AE001AAFB3}.Debug|Any CPU.Build.0 = Debug|Any CPU
		{CE07DAE5-5F16-4B39-B90E-B7AE001AAFB3}.Release|Any CPU.ActiveCfg = Release|Any CPU
		{CE07DAE5-5F16-4B39-B90E-B7AE001AAFB3}.Release|Any CPU.Build.0 = Release|Any CPU
		{9E5B144E-10CF-45A9-A24D-9FD08DDE2725}.Debug|Any CPU.ActiveCfg = Debug|Any CPU
		{9E5B144E-10CF-45A9-A24D-9FD08DDE2725}.Debug|Any CPU.Build.0 = Debug|Any CPU
		{9E5B144E-10CF-45A9-A24D-9FD08DDE2725}.Release|Any CPU.ActiveCfg = Release|Any CPU
		{9E5B144E-10CF-45A9-A24D-9FD08DDE2725}.Release|Any CPU.Build.0 = Release|Any CPU
		{3C10D2EC-E242-47A1-A264-BC1C0379E014}.Debug|Any CPU.ActiveCfg = Debug|Any CPU
		{3C10D2EC-E242-47A1-A264-BC1C0379E014}.Debug|Any CPU.Build.0 = Debug|Any CPU
		{3C10D2EC-E242-47A1-A264-BC1C0379E014}.Release|Any CPU.ActiveCfg = Release|Any CPU
		{3C10D2EC-E242-47A1-A264-BC1C0379E014}.Release|Any CPU.Build.0 = Release|Any CPU
		{C60FD757-D7C5-487E-B19C-BA593F6D3F0C}.Debug|Any CPU.ActiveCfg = Debug|Any CPU
		{C60FD757-D7C5-487E-B19C-BA593F6D3F0C}.Debug|Any CPU.Build.0 = Debug|Any CPU
		{C60FD757-D7C5-487E-B19C-BA593F6D3F0C}.Release|Any CPU.ActiveCfg = Release|Any CPU
		{C60FD757-D7C5-487E-B19C-BA593F6D3F0C}.Release|Any CPU.Build.0 = Release|Any CPU
		{16B3315B-4D81-4D4B-A004-EC17E973526C}.Debug|Any CPU.ActiveCfg = Debug|Any CPU
		{16B3315B-4D81-4D4B-A004-EC17E973526C}.Debug|Any CPU.Build.0 = Debug|Any CPU
		{16B3315B-4D81-4D4B-A004-EC17E973526C}.Release|Any CPU.ActiveCfg = Release|Any CPU
		{16B3315B-4D81-4D4B-A004-EC17E973526C}.Release|Any CPU.Build.0 = Release|Any CPU
		{77AFC650-B76B-427E-B155-5E6B5777F7A9}.Debug|Any CPU.ActiveCfg = Debug|Any CPU
		{77AFC650-B76B-427E-B155-5E6B5777F7A9}.Debug|Any CPU.Build.0 = Debug|Any CPU
		{77AFC650-B76B-427E-B155-5E6B5777F7A9}.Release|Any CPU.ActiveCfg = Release|Any CPU
		{77AFC650-B76B-427E-B155-5E6B5777F7A9}.Release|Any CPU.Build.0 = Release|Any CPU
		{6A5CBE82-1CC9-4E50-93C8-501F6514EC45}.Debug|Any CPU.ActiveCfg = Debug|Any CPU
		{6A5CBE82-1CC9-4E50-93C8-501F6514EC45}.Debug|Any CPU.Build.0 = Debug|Any CPU
		{6A5CBE82-1CC9-4E50-93C8-501F6514EC45}.Release|Any CPU.ActiveCfg = Release|Any CPU
		{6A5CBE82-1CC9-4E50-93C8-501F6514EC45}.Release|Any CPU.Build.0 = Release|Any CPU
	EndGlobalSection
	GlobalSection(SolutionProperties) = preSolution
		HideSolutionNode = FALSE
	EndGlobalSection
	GlobalSection(ExtensibilityGlobals) = postSolution
		SolutionGuid = {39F6D7D8-92C6-4329-8C7B-B27288143A99}
	EndGlobalSection
EndGlobal
